
Microsoft Visual Studio Solution File, Format Version 12.00
# Visual Studio Version 17
VisualStudioVersion = 17.8.34322.80
MinimumVisualStudioVersion = 10.0.40219.1
Project("{9A19103F-16F7-4668-BE54-9A1E7A4F7556}") = "ProductManagementService", "ProductManagementService\ProductManagementService.csproj", "{BF6F3B77-B530-4F4E-9BB6-670FE58B3CAA}"
EndProject
Project("{FAE04EC0-301F-11D3-BF4B-00C04F79EFBC}") = "ProductManagement.Manager", "ProductManagement.Manager\ProductManagement.Manager.csproj", "{BD265F28-ABFB-4169-997C-909B822615EF}"
EndProject
Project("{FAE04EC0-301F-11D3-BF4B-00C04F79EFBC}") = "ProductManagement.Repository", "ProductManagement.Repository\ProductManagement.Repository.csproj", "{D1AF83D5-908D-45BC-8302-D1AE2E0A3EDB}"
EndProject
Project("{FAE04EC0-301F-11D3-BF4B-00C04F79EFBC}") = "ProductManagement.Models", "ProductManagement.Models\ProductManagement.Models.csproj", "{72FD3F46-125C-46B6-9BE1-F18915C8ECB6}"
EndProject
Global
	GlobalSection(SolutionConfigurationPlatforms) = preSolution
		Debug|Any CPU = Debug|Any CPU
		Release|Any CPU = Release|Any CPU
	EndGlobalSection
	GlobalSection(ProjectConfigurationPlatforms) = postSolution
		{BF6F3B77-B530-4F4E-9BB6-670FE58B3CAA}.Debug|Any CPU.ActiveCfg = Debug|Any CPU
		{BF6F3B77-B530-4F4E-9BB6-670FE58B3CAA}.Debug|Any CPU.Build.0 = Debug|Any CPU
		{BF6F3B77-B530-4F4E-9BB6-670FE58B3CAA}.Release|Any CPU.ActiveCfg = Release|Any CPU
		{BF6F3B77-B530-4F4E-9BB6-670FE58B3CAA}.Release|Any CPU.Build.0 = Release|Any CPU
		{BD265F28-ABFB-4169-997C-909B822615EF}.Debug|Any CPU.ActiveCfg = Debug|Any CPU
		{BD265F28-ABFB-4169-997C-909B822615EF}.Debug|Any CPU.Build.0 = Debug|Any CPU
		{BD265F28-ABFB-4169-997C-909B822615EF}.Release|Any CPU.ActiveCfg = Release|Any CPU
		{BD265F28-ABFB-4169-997C-909B822615EF}.Release|Any CPU.Build.0 = Release|Any CPU
		{D1AF83D5-908D-45BC-8302-D1AE2E0A3EDB}.Debug|Any CPU.ActiveCfg = Debug|Any CPU
		{D1AF83D5-908D-45BC-8302-D1AE2E0A3EDB}.Debug|Any CPU.Build.0 = Debug|Any CPU
		{D1AF83D5-908D-45BC-8302-D1AE2E0A3EDB}.Release|Any CPU.ActiveCfg = Release|Any CPU
		{D1AF83D5-908D-45BC-8302-D1AE2E0A3EDB}.Release|Any CPU.Build.0 = Release|Any CPU
		{72FD3F46-125C-46B6-9BE1-F18915C8ECB6}.Debug|Any CPU.ActiveCfg = Debug|Any CPU
		{72FD3F46-125C-46B6-9BE1-F18915C8ECB6}.Debug|Any CPU.Build.0 = Debug|Any CPU
		{72FD3F46-125C-46B6-9BE1-F18915C8ECB6}.Release|Any CPU.ActiveCfg = Release|Any CPU
		{72FD3F46-125C-46B6-9BE1-F18915C8ECB6}.Release|Any CPU.Build.0 = Release|Any CPU
	EndGlobalSection
	GlobalSection(SolutionProperties) = preSolution
		HideSolutionNode = FALSE
	EndGlobalSection
	GlobalSection(ExtensibilityGlobals) = postSolution
		SolutionGuid = {DB4C04BB-861B-4E9E-BF06-941072E674BB}
	EndGlobalSection
EndGlobal
